
Microsoft Visual Studio Solution File, Format Version 12.00
# Visual Studio 2013
VisualStudioVersion = 12.0.21005.1
MinimumVisualStudioVersion = 10.0.40219.1
Project("{2150E333-8FDC-42A3-9474-1A3956D46DE8}") = "BL", "BL", "{B0193937-B532-413E-BE64-462EE52748FD}"
EndProject
Project("{2150E333-8FDC-42A3-9474-1A3956D46DE8}") = "DA", "DA", "{23108822-1719-4693-B2F2-E868142C7E7E}"
EndProject
Project("{2150E333-8FDC-42A3-9474-1A3956D46DE8}") = "Web", "Web", "{230EAB7A-35AC-4D5A-8914-8F6517A27E1D}"
EndProject
Project("{2150E333-8FDC-42A3-9474-1A3956D46DE8}") = "Test", "Test", "{745F9D70-C566-45CF-92A0-3C0E50927D85}"
EndProject
Project("{FAE04EC0-301F-11D3-BF4B-00C04F79EFBC}") = "BLTest", "..\test\BLTest\BLTest.csproj", "{1EE26884-492C-4EB5-A0B5-0D42DCC65484}"
EndProject
Project("{FAE04EC0-301F-11D3-BF4B-00C04F79EFBC}") = "WebHost", "Web\WebHost\WebHost.csproj", "{A9B896E8-F7D9-4CFC-800D-E323C93C5D6A}"
EndProject
Project("{2150E333-8FDC-42A3-9474-1A3956D46DE8}") = "API", "API", "{38F7E32C-4E5C-4874-AA21-8DA46062F06D}"
EndProject
Project("{2150E333-8FDC-42A3-9474-1A3956D46DE8}") = "WebHost", "WebHost", "{1B52F652-31AD-4B01-B33A-C76135E45E94}"
EndProject
Project("{FAE04EC0-301F-11D3-BF4B-00C04F79EFBC}") = "API", "Web\API\API.csproj", "{0FE6DC63-03F5-425C-B1FD-9C78C0CA362B}"
EndProject
Project("{2150E333-8FDC-42A3-9474-1A3956D46DE8}") = "Foundation", "Foundation", "{E5CC806A-ABD4-492F-9717-C0B61E8B6A18}"
EndProject
Project("{FAE04EC0-301F-11D3-BF4B-00C04F79EFBC}") = "SE.DSP.Foundation.API", "Foundation\Foundation.API\SE.DSP.Foundation.API.csproj", "{D56EA6B0-0888-4A18-A913-191116282C26}"
EndProject
Project("{FAE04EC0-301F-11D3-BF4B-00C04F79EFBC}") = "SE.DSP.Foundation.DA.Interface", "Foundation\Foundation.DA.Interface\SE.DSP.Foundation.DA.Interface.csproj", "{FB472A23-E616-4035-9651-3F38F7BD71B5}"
EndProject
Project("{FAE04EC0-301F-11D3-BF4B-00C04F79EFBC}") = "SE.DSP.Foundation.DA.Service", "Foundation\Foundation.DA.Service\SE.DSP.Foundation.DA.Service.csproj", "{38E014FD-0116-43DE-B80D-B44C22CAAD38}"
EndProject
Project("{FAE04EC0-301F-11D3-BF4B-00C04F79EFBC}") = "SE.DSP.Foundation.Infrastructure", "Foundation\Foundation.Infrastructure\SE.DSP.Foundation.Infrastructure.csproj", "{B11251AD-6A05-4AA1-8100-B8224B594FBC}"
EndProject
Project("{FAE04EC0-301F-11D3-BF4B-00C04F79EFBC}") = "SE.DSP.Foundation.Web", "Foundation\Foundation.Web\SE.DSP.Foundation.Web.csproj", "{AE31828F-8DFF-4E37-A844-01D307532F35}"
EndProject
Project("{FAE04EC0-301F-11D3-BF4B-00C04F79EFBC}") = "AliYunApi", "Foundation\AliYunApi\AliYunApi.csproj", "{67BDC800-084C-4F84-8A80-661B5AFE499A}"
EndProject
Project("{FAE04EC0-301F-11D3-BF4B-00C04F79EFBC}") = "SE.DSP.Foundation.AppHost", "Foundation\Foundation.AppHost\SE.DSP.Foundation.AppHost.csproj", "{6950A7F5-3095-48DD-B1BC-60E13C3A93C0}"
EndProject
Project("{FAE04EC0-301F-11D3-BF4B-00C04F79EFBC}") = "Entity", "DA\Entity\Entity.csproj", "{2ACF21D3-01B0-4B18-B42C-0202C62DF270}"
EndProject
Project("{FAE04EC0-301F-11D3-BF4B-00C04F79EFBC}") = "Contract", "DA\Contract\Contract.csproj", "{915BE01D-D433-4457-9F75-69ECB4E29D98}"
EndProject
Project("{FAE04EC0-301F-11D3-BF4B-00C04F79EFBC}") = "MSSQL", "DA\MSSQL\MSSQL.csproj", "{4D10FE80-23F4-4975-A384-8106F4677A31}"
EndProject
Project("{FAE04EC0-301F-11D3-BF4B-00C04F79EFBC}") = "SE.DSP.Foundation.DataAccess", "Foundation\SE.DSP.Foundation.ResourceAccess\SE.DSP.Foundation.DataAccess.csproj", "{930D100C-72C5-4743-9A3A-572AAE8B8BDB}"
EndProject
Project("{FAE04EC0-301F-11D3-BF4B-00C04F79EFBC}") = "API", "BL\API\API.csproj", "{0B4BAD06-6FD4-4741-95D3-EC02E155A3EB}"
EndProject
Project("{FAE04EC0-301F-11D3-BF4B-00C04F79EFBC}") = "AppHost", "BL\AppHost\AppHost.csproj", "{AD2CA0D7-2D3D-4BD9-A493-A73BF5CF94E5}"
EndProject
Global
	GlobalSection(SolutionConfigurationPlatforms) = preSolution
		Debug|Any CPU = Debug|Any CPU
		Release|Any CPU = Release|Any CPU
	EndGlobalSection
	GlobalSection(ProjectConfigurationPlatforms) = postSolution
		{1EE26884-492C-4EB5-A0B5-0D42DCC65484}.Debug|Any CPU.ActiveCfg = Debug|Any CPU
		{1EE26884-492C-4EB5-A0B5-0D42DCC65484}.Debug|Any CPU.Build.0 = Debug|Any CPU
		{1EE26884-492C-4EB5-A0B5-0D42DCC65484}.Release|Any CPU.ActiveCfg = Release|Any CPU
		{1EE26884-492C-4EB5-A0B5-0D42DCC65484}.Release|Any CPU.Build.0 = Release|Any CPU
		{A9B896E8-F7D9-4CFC-800D-E323C93C5D6A}.Debug|Any CPU.ActiveCfg = Debug|Any CPU
		{A9B896E8-F7D9-4CFC-800D-E323C93C5D6A}.Debug|Any CPU.Build.0 = Debug|Any CPU
		{A9B896E8-F7D9-4CFC-800D-E323C93C5D6A}.Release|Any CPU.ActiveCfg = Release|Any CPU
		{A9B896E8-F7D9-4CFC-800D-E323C93C5D6A}.Release|Any CPU.Build.0 = Release|Any CPU
		{0FE6DC63-03F5-425C-B1FD-9C78C0CA362B}.Debug|Any CPU.ActiveCfg = Debug|Any CPU
		{0FE6DC63-03F5-425C-B1FD-9C78C0CA362B}.Debug|Any CPU.Build.0 = Debug|Any CPU
		{0FE6DC63-03F5-425C-B1FD-9C78C0CA362B}.Release|Any CPU.ActiveCfg = Release|Any CPU
		{0FE6DC63-03F5-425C-B1FD-9C78C0CA362B}.Release|Any CPU.Build.0 = Release|Any CPU
		{D56EA6B0-0888-4A18-A913-191116282C26}.Debug|Any CPU.ActiveCfg = Debug|Any CPU
		{D56EA6B0-0888-4A18-A913-191116282C26}.Debug|Any CPU.Build.0 = Debug|Any CPU
		{D56EA6B0-0888-4A18-A913-191116282C26}.Release|Any CPU.ActiveCfg = Release|Any CPU
		{D56EA6B0-0888-4A18-A913-191116282C26}.Release|Any CPU.Build.0 = Release|Any CPU
		{FB472A23-E616-4035-9651-3F38F7BD71B5}.Debug|Any CPU.ActiveCfg = Debug|Any CPU
		{FB472A23-E616-4035-9651-3F38F7BD71B5}.Debug|Any CPU.Build.0 = Debug|Any CPU
		{FB472A23-E616-4035-9651-3F38F7BD71B5}.Release|Any CPU.ActiveCfg = Release|Any CPU
		{FB472A23-E616-4035-9651-3F38F7BD71B5}.Release|Any CPU.Build.0 = Release|Any CPU
		{38E014FD-0116-43DE-B80D-B44C22CAAD38}.Debug|Any CPU.ActiveCfg = Debug|Any CPU
		{38E014FD-0116-43DE-B80D-B44C22CAAD38}.Debug|Any CPU.Build.0 = Debug|Any CPU
		{38E014FD-0116-43DE-B80D-B44C22CAAD38}.Release|Any CPU.ActiveCfg = Release|Any CPU
		{38E014FD-0116-43DE-B80D-B44C22CAAD38}.Release|Any CPU.Build.0 = Release|Any CPU
		{B11251AD-6A05-4AA1-8100-B8224B594FBC}.Debug|Any CPU.ActiveCfg = Debug|Any CPU
		{B11251AD-6A05-4AA1-8100-B8224B594FBC}.Debug|Any CPU.Build.0 = Debug|Any CPU
		{B11251AD-6A05-4AA1-8100-B8224B594FBC}.Release|Any CPU.ActiveCfg = Release|Any CPU
		{B11251AD-6A05-4AA1-8100-B8224B594FBC}.Release|Any CPU.Build.0 = Release|Any CPU
		{AE31828F-8DFF-4E37-A844-01D307532F35}.Debug|Any CPU.ActiveCfg = Debug|Any CPU
		{AE31828F-8DFF-4E37-A844-01D307532F35}.Debug|Any CPU.Build.0 = Debug|Any CPU
		{AE31828F-8DFF-4E37-A844-01D307532F35}.Release|Any CPU.ActiveCfg = Release|Any CPU
		{AE31828F-8DFF-4E37-A844-01D307532F35}.Release|Any CPU.Build.0 = Release|Any CPU
		{67BDC800-084C-4F84-8A80-661B5AFE499A}.Debug|Any CPU.ActiveCfg = Debug|Any CPU
		{67BDC800-084C-4F84-8A80-661B5AFE499A}.Debug|Any CPU.Build.0 = Debug|Any CPU
		{67BDC800-084C-4F84-8A80-661B5AFE499A}.Release|Any CPU.ActiveCfg = Release|Any CPU
		{67BDC800-084C-4F84-8A80-661B5AFE499A}.Release|Any CPU.Build.0 = Release|Any CPU
		{6950A7F5-3095-48DD-B1BC-60E13C3A93C0}.Debug|Any CPU.ActiveCfg = Debug|Any CPU
		{6950A7F5-3095-48DD-B1BC-60E13C3A93C0}.Debug|Any CPU.Build.0 = Debug|Any CPU
		{6950A7F5-3095-48DD-B1BC-60E13C3A93C0}.Release|Any CPU.ActiveCfg = Release|Any CPU
		{6950A7F5-3095-48DD-B1BC-60E13C3A93C0}.Release|Any CPU.Build.0 = Release|Any CPU
		{2ACF21D3-01B0-4B18-B42C-0202C62DF270}.Debug|Any CPU.ActiveCfg = Debug|Any CPU
		{2ACF21D3-01B0-4B18-B42C-0202C62DF270}.Debug|Any CPU.Build.0 = Debug|Any CPU
		{2ACF21D3-01B0-4B18-B42C-0202C62DF270}.Release|Any CPU.ActiveCfg = Release|Any CPU
		{2ACF21D3-01B0-4B18-B42C-0202C62DF270}.Release|Any CPU.Build.0 = Release|Any CPU
		{915BE01D-D433-4457-9F75-69ECB4E29D98}.Debug|Any CPU.ActiveCfg = Debug|Any CPU
		{915BE01D-D433-4457-9F75-69ECB4E29D98}.Debug|Any CPU.Build.0 = Debug|Any CPU
		{915BE01D-D433-4457-9F75-69ECB4E29D98}.Release|Any CPU.ActiveCfg = Release|Any CPU
		{915BE01D-D433-4457-9F75-69ECB4E29D98}.Release|Any CPU.Build.0 = Release|Any CPU
		{4D10FE80-23F4-4975-A384-8106F4677A31}.Debug|Any CPU.ActiveCfg = Debug|Any CPU
		{4D10FE80-23F4-4975-A384-8106F4677A31}.Debug|Any CPU.Build.0 = Debug|Any CPU
		{4D10FE80-23F4-4975-A384-8106F4677A31}.Release|Any CPU.ActiveCfg = Release|Any CPU
		{4D10FE80-23F4-4975-A384-8106F4677A31}.Release|Any CPU.Build.0 = Release|Any CPU
		{930D100C-72C5-4743-9A3A-572AAE8B8BDB}.Debug|Any CPU.ActiveCfg = Debug|Any CPU
		{930D100C-72C5-4743-9A3A-572AAE8B8BDB}.Debug|Any CPU.Build.0 = Debug|Any CPU
		{930D100C-72C5-4743-9A3A-572AAE8B8BDB}.Release|Any CPU.ActiveCfg = Release|Any CPU
		{930D100C-72C5-4743-9A3A-572AAE8B8BDB}.Release|Any CPU.Build.0 = Release|Any CPU
		{0B4BAD06-6FD4-4741-95D3-EC02E155A3EB}.Debug|Any CPU.ActiveCfg = Debug|Any CPU
		{0B4BAD06-6FD4-4741-95D3-EC02E155A3EB}.Debug|Any CPU.Build.0 = Debug|Any CPU
		{0B4BAD06-6FD4-4741-95D3-EC02E155A3EB}.Release|Any CPU.ActiveCfg = Release|Any CPU
		{0B4BAD06-6FD4-4741-95D3-EC02E155A3EB}.Release|Any CPU.Build.0 = Release|Any CPU
		{AD2CA0D7-2D3D-4BD9-A493-A73BF5CF94E5}.Debug|Any CPU.ActiveCfg = Debug|Any CPU
		{AD2CA0D7-2D3D-4BD9-A493-A73BF5CF94E5}.Debug|Any CPU.Build.0 = Debug|Any CPU
		{AD2CA0D7-2D3D-4BD9-A493-A73BF5CF94E5}.Release|Any CPU.ActiveCfg = Release|Any CPU
		{AD2CA0D7-2D3D-4BD9-A493-A73BF5CF94E5}.Release|Any CPU.Build.0 = Release|Any CPU
	EndGlobalSection
	GlobalSection(SolutionProperties) = preSolution
		HideSolutionNode = FALSE
	EndGlobalSection
	GlobalSection(NestedProjects) = preSolution
		{0B4BAD06-6FD4-4741-95D3-EC02E155A3EB} = {B0193937-B532-413E-BE64-462EE52748FD}
		{AD2CA0D7-2D3D-4BD9-A493-A73BF5CF94E5} = {B0193937-B532-413E-BE64-462EE52748FD}
		{2ACF21D3-01B0-4B18-B42C-0202C62DF270} = {23108822-1719-4693-B2F2-E868142C7E7E}
		{915BE01D-D433-4457-9F75-69ECB4E29D98} = {23108822-1719-4693-B2F2-E868142C7E7E}
		{4D10FE80-23F4-4975-A384-8106F4677A31} = {23108822-1719-4693-B2F2-E868142C7E7E}
		{1B52F652-31AD-4B01-B33A-C76135E45E94} = {230EAB7A-35AC-4D5A-8914-8F6517A27E1D}
		{38F7E32C-4E5C-4874-AA21-8DA46062F06D} = {230EAB7A-35AC-4D5A-8914-8F6517A27E1D}
		{1EE26884-492C-4EB5-A0B5-0D42DCC65484} = {745F9D70-C566-45CF-92A0-3C0E50927D85}
		{A9B896E8-F7D9-4CFC-800D-E323C93C5D6A} = {1B52F652-31AD-4B01-B33A-C76135E45E94}
		{0FE6DC63-03F5-425C-B1FD-9C78C0CA362B} = {38F7E32C-4E5C-4874-AA21-8DA46062F06D}
		{D56EA6B0-0888-4A18-A913-191116282C26} = {E5CC806A-ABD4-492F-9717-C0B61E8B6A18}
		{FB472A23-E616-4035-9651-3F38F7BD71B5} = {E5CC806A-ABD4-492F-9717-C0B61E8B6A18}
		{38E014FD-0116-43DE-B80D-B44C22CAAD38} = {E5CC806A-ABD4-492F-9717-C0B61E8B6A18}
		{B11251AD-6A05-4AA1-8100-B8224B594FBC} = {E5CC806A-ABD4-492F-9717-C0B61E8B6A18}
		{AE31828F-8DFF-4E37-A844-01D307532F35} = {E5CC806A-ABD4-492F-9717-C0B61E8B6A18}
		{67BDC800-084C-4F84-8A80-661B5AFE499A} = {E5CC806A-ABD4-492F-9717-C0B61E8B6A18}
		{6950A7F5-3095-48DD-B1BC-60E13C3A93C0} = {E5CC806A-ABD4-492F-9717-C0B61E8B6A18}
		{930D100C-72C5-4743-9A3A-572AAE8B8BDB} = {E5CC806A-ABD4-492F-9717-C0B61E8B6A18}
	EndGlobalSection
EndGlobal
