
Microsoft Visual Studio Solution File, Format Version 12.00
# Visual Studio 2013
VisualStudioVersion = 12.0.21005.1
MinimumVisualStudioVersion = 10.0.40219.1
Project("{2150E333-8FDC-42A3-9474-1A3956D46DE8}") = "BL", "BL", "{B0193937-B532-413E-BE64-462EE52748FD}"
EndProject
Project("{2150E333-8FDC-42A3-9474-1A3956D46DE8}") = "DA", "DA", "{23108822-1719-4693-B2F2-E868142C7E7E}"
EndProject
Project("{2150E333-8FDC-42A3-9474-1A3956D46DE8}") = "Web", "Web", "{230EAB7A-35AC-4D5A-8914-8F6517A27E1D}"
EndProject
Project("{2150E333-8FDC-42A3-9474-1A3956D46DE8}") = "Test", "Test", "{745F9D70-C566-45CF-92A0-3C0E50927D85}"
EndProject
Project("{FAE04EC0-301F-11D3-BF4B-00C04F79EFBC}") = "BLTest", "..\test\BLTest\BLTest.csproj", "{1EE26884-492C-4EB5-A0B5-0D42DCC65484}"
EndProject
Project("{FAE04EC0-301F-11D3-BF4B-00C04F79EFBC}") = "AppHost", "BL\AppHost\AppHost.csproj", "{3629996D-B037-4BF3-A1E3-A068699D8746}"
EndProject
Project("{FAE04EC0-301F-11D3-BF4B-00C04F79EFBC}") = "API", "BL\API\API.csproj", "{28FCFD4E-5ACC-4A23-AD28-B47B4358844E}"
EndProject
Project("{FAE04EC0-301F-11D3-BF4B-00C04F79EFBC}") = "WebHost", "Web\WebHost\WebHost.csproj", "{A9B896E8-F7D9-4CFC-800D-E323C93C5D6A}"
EndProject
Project("{2150E333-8FDC-42A3-9474-1A3956D46DE8}") = "API", "API", "{38F7E32C-4E5C-4874-AA21-8DA46062F06D}"
EndProject
Project("{2150E333-8FDC-42A3-9474-1A3956D46DE8}") = "API", "API", "{0769DF17-D939-4D02-9916-D167D50A0AF1}"
EndProject
Project("{2150E333-8FDC-42A3-9474-1A3956D46DE8}") = "AppHost", "AppHost", "{BFA8F06D-DF81-4FA4-85A5-8411EC8372A5}"
EndProject
Project("{2150E333-8FDC-42A3-9474-1A3956D46DE8}") = "WebHost", "WebHost", "{1B52F652-31AD-4B01-B33A-C76135E45E94}"
EndProject
Project("{FAE04EC0-301F-11D3-BF4B-00C04F79EFBC}") = "API", "Web\API\API.csproj", "{0FE6DC63-03F5-425C-B1FD-9C78C0CA362B}"
EndProject
Project("{2150E333-8FDC-42A3-9474-1A3956D46DE8}") = "Hierarchy", "Hierarchy", "{8F697CDE-1EC6-45F8-A8C9-E3FA968A8D8E}"
EndProject
Project("{2150E333-8FDC-42A3-9474-1A3956D46DE8}") = "Hierarchy", "Hierarchy", "{8C208C93-B397-4809-AD99-864118FF3021}"
EndProject
Project("{FAE04EC0-301F-11D3-BF4B-00C04F79EFBC}") = "Hierarchy", "BL\Hierarchy\Hierarchy\Hierarchy.csproj", "{E7C5ABA8-A7BB-4025-9033-96CD882E9856}"
EndProject
Project("{FAE04EC0-301F-11D3-BF4B-00C04F79EFBC}") = "Hierarchy.Interface", "BL\Hierarchy\Hierarchy.Interface\Hierarchy.Interface.csproj", "{A41E6960-50DB-4F28-9140-4CF975DEA1F6}"
EndProject
Project("{FAE04EC0-301F-11D3-BF4B-00C04F79EFBC}") = "Hierarchy.MSSQL", "DA\Hierarchy\Hierarchy.MSSQL\Hierarchy.MSSQL.csproj", "{25BC7829-7E19-44FD-AA29-FE2C16573094}"
EndProject
Project("{FAE04EC0-301F-11D3-BF4B-00C04F79EFBC}") = "Hierarchy.Interface", "DA\Hierarchy\Hierarchy.Interface\Hierarchy.Interface.csproj", "{DCF99938-7D1A-4242-9B33-3EA496507AF1}"
EndProject
Project("{FAE04EC0-301F-11D3-BF4B-00C04F79EFBC}") = "Hierarchy.Entity", "DA\Hierarchy\Hierarchy.Entity\Hierarchy.Entity.csproj", "{AFF586A0-4830-4EBE-9A53-BD4B78760942}"
EndProject
Project("{FAE04EC0-301F-11D3-BF4B-00C04F79EFBC}") = "Hierarchy.DataContract", "BL\Hierarchy\Hierarchy.DataContract\Hierarchy.DataContract.csproj", "{10E73A5A-36C2-4D0E-B91B-7A744F17B158}"
EndProject
Project("{2150E333-8FDC-42A3-9474-1A3956D46DE8}") = "Foundation", "Foundation", "{E5CC806A-ABD4-492F-9717-C0B61E8B6A18}"
EndProject
Project("{FAE04EC0-301F-11D3-BF4B-00C04F79EFBC}") = "SE.DSP.Foundation.API", "Foundation\Foundation.API\SE.DSP.Foundation.API.csproj", "{D56EA6B0-0888-4A18-A913-191116282C26}"
EndProject
Project("{FAE04EC0-301F-11D3-BF4B-00C04F79EFBC}") = "SE.DSP.Foundation.DA.Interface", "Foundation\Foundation.DA.Interface\SE.DSP.Foundation.DA.Interface.csproj", "{FB472A23-E616-4035-9651-3F38F7BD71B5}"
EndProject
Project("{FAE04EC0-301F-11D3-BF4B-00C04F79EFBC}") = "SE.DSP.Foundation.DA.Service", "Foundation\Foundation.DA.Service\SE.DSP.Foundation.DA.Service.csproj", "{38E014FD-0116-43DE-B80D-B44C22CAAD38}"
EndProject
Project("{FAE04EC0-301F-11D3-BF4B-00C04F79EFBC}") = "SE.DSP.Foundation.Infrastructure", "Foundation\Foundation.Infrastructure\SE.DSP.Foundation.Infrastructure.csproj", "{B11251AD-6A05-4AA1-8100-B8224B594FBC}"
EndProject
Project("{FAE04EC0-301F-11D3-BF4B-00C04F79EFBC}") = "SE.DSP.Foundation.Service", "Foundation\Foundation.Service\SE.DSP.Foundation.Service.csproj", "{04A09280-17C3-4BB5-A094-AC8AB2B590AC}"
EndProject
Project("{FAE04EC0-301F-11D3-BF4B-00C04F79EFBC}") = "SE.DSP.Foundation.Web", "Foundation\Foundation.Web\SE.DSP.Foundation.Web.csproj", "{AE31828F-8DFF-4E37-A844-01D307532F35}"
EndProject
Project("{FAE04EC0-301F-11D3-BF4B-00C04F79EFBC}") = "AliYunApi", "Foundation\AliYunApi\AliYunApi.csproj", "{67BDC800-084C-4F84-8A80-661B5AFE499A}"
EndProject
Project("{FAE04EC0-301F-11D3-BF4B-00C04F79EFBC}") = "SE.DSP.Foundation.AppHost", "Foundation\SE.DSP.Foundation.AppHost\SE.DSP.Foundation.AppHost.csproj", "{6950A7F5-3095-48DD-B1BC-60E13C3A93C0}"
EndProject
Global
	GlobalSection(SolutionConfigurationPlatforms) = preSolution
		Debug|Any CPU = Debug|Any CPU
		Release|Any CPU = Release|Any CPU
	EndGlobalSection
	GlobalSection(ProjectConfigurationPlatforms) = postSolution
		{1EE26884-492C-4EB5-A0B5-0D42DCC65484}.Debug|Any CPU.ActiveCfg = Debug|Any CPU
		{1EE26884-492C-4EB5-A0B5-0D42DCC65484}.Debug|Any CPU.Build.0 = Debug|Any CPU
		{1EE26884-492C-4EB5-A0B5-0D42DCC65484}.Release|Any CPU.ActiveCfg = Release|Any CPU
		{1EE26884-492C-4EB5-A0B5-0D42DCC65484}.Release|Any CPU.Build.0 = Release|Any CPU
		{3629996D-B037-4BF3-A1E3-A068699D8746}.Debug|Any CPU.ActiveCfg = Debug|Any CPU
		{3629996D-B037-4BF3-A1E3-A068699D8746}.Debug|Any CPU.Build.0 = Debug|Any CPU
		{3629996D-B037-4BF3-A1E3-A068699D8746}.Release|Any CPU.ActiveCfg = Release|Any CPU
		{3629996D-B037-4BF3-A1E3-A068699D8746}.Release|Any CPU.Build.0 = Release|Any CPU
		{28FCFD4E-5ACC-4A23-AD28-B47B4358844E}.Debug|Any CPU.ActiveCfg = Debug|Any CPU
		{28FCFD4E-5ACC-4A23-AD28-B47B4358844E}.Debug|Any CPU.Build.0 = Debug|Any CPU
		{28FCFD4E-5ACC-4A23-AD28-B47B4358844E}.Release|Any CPU.ActiveCfg = Release|Any CPU
		{28FCFD4E-5ACC-4A23-AD28-B47B4358844E}.Release|Any CPU.Build.0 = Release|Any CPU
		{A9B896E8-F7D9-4CFC-800D-E323C93C5D6A}.Debug|Any CPU.ActiveCfg = Debug|Any CPU
		{A9B896E8-F7D9-4CFC-800D-E323C93C5D6A}.Debug|Any CPU.Build.0 = Debug|Any CPU
		{A9B896E8-F7D9-4CFC-800D-E323C93C5D6A}.Release|Any CPU.ActiveCfg = Release|Any CPU
		{A9B896E8-F7D9-4CFC-800D-E323C93C5D6A}.Release|Any CPU.Build.0 = Release|Any CPU
		{0FE6DC63-03F5-425C-B1FD-9C78C0CA362B}.Debug|Any CPU.ActiveCfg = Debug|Any CPU
		{0FE6DC63-03F5-425C-B1FD-9C78C0CA362B}.Debug|Any CPU.Build.0 = Debug|Any CPU
		{0FE6DC63-03F5-425C-B1FD-9C78C0CA362B}.Release|Any CPU.ActiveCfg = Release|Any CPU
		{0FE6DC63-03F5-425C-B1FD-9C78C0CA362B}.Release|Any CPU.Build.0 = Release|Any CPU
		{E7C5ABA8-A7BB-4025-9033-96CD882E9856}.Debug|Any CPU.ActiveCfg = Debug|Any CPU
		{E7C5ABA8-A7BB-4025-9033-96CD882E9856}.Debug|Any CPU.Build.0 = Debug|Any CPU
		{E7C5ABA8-A7BB-4025-9033-96CD882E9856}.Release|Any CPU.ActiveCfg = Release|Any CPU
		{E7C5ABA8-A7BB-4025-9033-96CD882E9856}.Release|Any CPU.Build.0 = Release|Any CPU
		{A41E6960-50DB-4F28-9140-4CF975DEA1F6}.Debug|Any CPU.ActiveCfg = Debug|Any CPU
		{A41E6960-50DB-4F28-9140-4CF975DEA1F6}.Debug|Any CPU.Build.0 = Debug|Any CPU
		{A41E6960-50DB-4F28-9140-4CF975DEA1F6}.Release|Any CPU.ActiveCfg = Release|Any CPU
		{A41E6960-50DB-4F28-9140-4CF975DEA1F6}.Release|Any CPU.Build.0 = Release|Any CPU
		{25BC7829-7E19-44FD-AA29-FE2C16573094}.Debug|Any CPU.ActiveCfg = Debug|Any CPU
		{25BC7829-7E19-44FD-AA29-FE2C16573094}.Debug|Any CPU.Build.0 = Debug|Any CPU
		{25BC7829-7E19-44FD-AA29-FE2C16573094}.Release|Any CPU.ActiveCfg = Release|Any CPU
		{25BC7829-7E19-44FD-AA29-FE2C16573094}.Release|Any CPU.Build.0 = Release|Any CPU
		{DCF99938-7D1A-4242-9B33-3EA496507AF1}.Debug|Any CPU.ActiveCfg = Debug|Any CPU
		{DCF99938-7D1A-4242-9B33-3EA496507AF1}.Debug|Any CPU.Build.0 = Debug|Any CPU
		{DCF99938-7D1A-4242-9B33-3EA496507AF1}.Release|Any CPU.ActiveCfg = Release|Any CPU
		{DCF99938-7D1A-4242-9B33-3EA496507AF1}.Release|Any CPU.Build.0 = Release|Any CPU
		{AFF586A0-4830-4EBE-9A53-BD4B78760942}.Debug|Any CPU.ActiveCfg = Debug|Any CPU
		{AFF586A0-4830-4EBE-9A53-BD4B78760942}.Debug|Any CPU.Build.0 = Debug|Any CPU
		{AFF586A0-4830-4EBE-9A53-BD4B78760942}.Release|Any CPU.ActiveCfg = Release|Any CPU
		{AFF586A0-4830-4EBE-9A53-BD4B78760942}.Release|Any CPU.Build.0 = Release|Any CPU
		{10E73A5A-36C2-4D0E-B91B-7A744F17B158}.Debug|Any CPU.ActiveCfg = Debug|Any CPU
		{10E73A5A-36C2-4D0E-B91B-7A744F17B158}.Debug|Any CPU.Build.0 = Debug|Any CPU
		{10E73A5A-36C2-4D0E-B91B-7A744F17B158}.Release|Any CPU.ActiveCfg = Release|Any CPU
		{10E73A5A-36C2-4D0E-B91B-7A744F17B158}.Release|Any CPU.Build.0 = Release|Any CPU
		{D56EA6B0-0888-4A18-A913-191116282C26}.Debug|Any CPU.ActiveCfg = Debug|Any CPU
		{D56EA6B0-0888-4A18-A913-191116282C26}.Debug|Any CPU.Build.0 = Debug|Any CPU
		{D56EA6B0-0888-4A18-A913-191116282C26}.Release|Any CPU.ActiveCfg = Release|Any CPU
		{D56EA6B0-0888-4A18-A913-191116282C26}.Release|Any CPU.Build.0 = Release|Any CPU
		{FB472A23-E616-4035-9651-3F38F7BD71B5}.Debug|Any CPU.ActiveCfg = Debug|Any CPU
		{FB472A23-E616-4035-9651-3F38F7BD71B5}.Debug|Any CPU.Build.0 = Debug|Any CPU
		{FB472A23-E616-4035-9651-3F38F7BD71B5}.Release|Any CPU.ActiveCfg = Release|Any CPU
		{FB472A23-E616-4035-9651-3F38F7BD71B5}.Release|Any CPU.Build.0 = Release|Any CPU
		{38E014FD-0116-43DE-B80D-B44C22CAAD38}.Debug|Any CPU.ActiveCfg = Debug|Any CPU
		{38E014FD-0116-43DE-B80D-B44C22CAAD38}.Debug|Any CPU.Build.0 = Debug|Any CPU
		{38E014FD-0116-43DE-B80D-B44C22CAAD38}.Release|Any CPU.ActiveCfg = Release|Any CPU
		{38E014FD-0116-43DE-B80D-B44C22CAAD38}.Release|Any CPU.Build.0 = Release|Any CPU
		{B11251AD-6A05-4AA1-8100-B8224B594FBC}.Debug|Any CPU.ActiveCfg = Debug|Any CPU
		{B11251AD-6A05-4AA1-8100-B8224B594FBC}.Debug|Any CPU.Build.0 = Debug|Any CPU
		{B11251AD-6A05-4AA1-8100-B8224B594FBC}.Release|Any CPU.ActiveCfg = Release|Any CPU
		{B11251AD-6A05-4AA1-8100-B8224B594FBC}.Release|Any CPU.Build.0 = Release|Any CPU
		{04A09280-17C3-4BB5-A094-AC8AB2B590AC}.Debug|Any CPU.ActiveCfg = Debug|Any CPU
		{04A09280-17C3-4BB5-A094-AC8AB2B590AC}.Debug|Any CPU.Build.0 = Debug|Any CPU
		{04A09280-17C3-4BB5-A094-AC8AB2B590AC}.Release|Any CPU.ActiveCfg = Release|Any CPU
		{04A09280-17C3-4BB5-A094-AC8AB2B590AC}.Release|Any CPU.Build.0 = Release|Any CPU
		{AE31828F-8DFF-4E37-A844-01D307532F35}.Debug|Any CPU.ActiveCfg = Debug|Any CPU
		{AE31828F-8DFF-4E37-A844-01D307532F35}.Debug|Any CPU.Build.0 = Debug|Any CPU
		{AE31828F-8DFF-4E37-A844-01D307532F35}.Release|Any CPU.ActiveCfg = Release|Any CPU
		{AE31828F-8DFF-4E37-A844-01D307532F35}.Release|Any CPU.Build.0 = Release|Any CPU
		{67BDC800-084C-4F84-8A80-661B5AFE499A}.Debug|Any CPU.ActiveCfg = Debug|Any CPU
		{67BDC800-084C-4F84-8A80-661B5AFE499A}.Debug|Any CPU.Build.0 = Debug|Any CPU
		{67BDC800-084C-4F84-8A80-661B5AFE499A}.Release|Any CPU.ActiveCfg = Release|Any CPU
		{67BDC800-084C-4F84-8A80-661B5AFE499A}.Release|Any CPU.Build.0 = Release|Any CPU
		{6950A7F5-3095-48DD-B1BC-60E13C3A93C0}.Debug|Any CPU.ActiveCfg = Debug|Any CPU
		{6950A7F5-3095-48DD-B1BC-60E13C3A93C0}.Debug|Any CPU.Build.0 = Debug|Any CPU
		{6950A7F5-3095-48DD-B1BC-60E13C3A93C0}.Release|Any CPU.ActiveCfg = Release|Any CPU
		{6950A7F5-3095-48DD-B1BC-60E13C3A93C0}.Release|Any CPU.Build.0 = Release|Any CPU
	EndGlobalSection
	GlobalSection(SolutionProperties) = preSolution
		HideSolutionNode = FALSE
	EndGlobalSection
	GlobalSection(NestedProjects) = preSolution
		{BFA8F06D-DF81-4FA4-85A5-8411EC8372A5} = {B0193937-B532-413E-BE64-462EE52748FD}
		{0769DF17-D939-4D02-9916-D167D50A0AF1} = {B0193937-B532-413E-BE64-462EE52748FD}
		{8F697CDE-1EC6-45F8-A8C9-E3FA968A8D8E} = {B0193937-B532-413E-BE64-462EE52748FD}
		{8C208C93-B397-4809-AD99-864118FF3021} = {23108822-1719-4693-B2F2-E868142C7E7E}
		{1B52F652-31AD-4B01-B33A-C76135E45E94} = {230EAB7A-35AC-4D5A-8914-8F6517A27E1D}
		{38F7E32C-4E5C-4874-AA21-8DA46062F06D} = {230EAB7A-35AC-4D5A-8914-8F6517A27E1D}
		{1EE26884-492C-4EB5-A0B5-0D42DCC65484} = {745F9D70-C566-45CF-92A0-3C0E50927D85}
		{3629996D-B037-4BF3-A1E3-A068699D8746} = {BFA8F06D-DF81-4FA4-85A5-8411EC8372A5}
		{28FCFD4E-5ACC-4A23-AD28-B47B4358844E} = {0769DF17-D939-4D02-9916-D167D50A0AF1}
		{A9B896E8-F7D9-4CFC-800D-E323C93C5D6A} = {1B52F652-31AD-4B01-B33A-C76135E45E94}
		{0FE6DC63-03F5-425C-B1FD-9C78C0CA362B} = {38F7E32C-4E5C-4874-AA21-8DA46062F06D}
		{E7C5ABA8-A7BB-4025-9033-96CD882E9856} = {8F697CDE-1EC6-45F8-A8C9-E3FA968A8D8E}
		{A41E6960-50DB-4F28-9140-4CF975DEA1F6} = {8F697CDE-1EC6-45F8-A8C9-E3FA968A8D8E}
		{10E73A5A-36C2-4D0E-B91B-7A744F17B158} = {8F697CDE-1EC6-45F8-A8C9-E3FA968A8D8E}
		{25BC7829-7E19-44FD-AA29-FE2C16573094} = {8C208C93-B397-4809-AD99-864118FF3021}
		{DCF99938-7D1A-4242-9B33-3EA496507AF1} = {8C208C93-B397-4809-AD99-864118FF3021}
		{AFF586A0-4830-4EBE-9A53-BD4B78760942} = {8C208C93-B397-4809-AD99-864118FF3021}
		{D56EA6B0-0888-4A18-A913-191116282C26} = {E5CC806A-ABD4-492F-9717-C0B61E8B6A18}
		{FB472A23-E616-4035-9651-3F38F7BD71B5} = {E5CC806A-ABD4-492F-9717-C0B61E8B6A18}
		{38E014FD-0116-43DE-B80D-B44C22CAAD38} = {E5CC806A-ABD4-492F-9717-C0B61E8B6A18}
		{B11251AD-6A05-4AA1-8100-B8224B594FBC} = {E5CC806A-ABD4-492F-9717-C0B61E8B6A18}
		{04A09280-17C3-4BB5-A094-AC8AB2B590AC} = {E5CC806A-ABD4-492F-9717-C0B61E8B6A18}
		{AE31828F-8DFF-4E37-A844-01D307532F35} = {E5CC806A-ABD4-492F-9717-C0B61E8B6A18}
		{67BDC800-084C-4F84-8A80-661B5AFE499A} = {E5CC806A-ABD4-492F-9717-C0B61E8B6A18}
		{6950A7F5-3095-48DD-B1BC-60E13C3A93C0} = {E5CC806A-ABD4-492F-9717-C0B61E8B6A18}
	EndGlobalSection
EndGlobal
